// !$*UTF8*$!
{
	archiveVersion = 1;
	classes = {
	};
	objectVersion = 56;
	objects = {

/* Begin PBXBuildFile section */
		7B268A4A2C0D6D79002690BE /* TCA_PlacticeApp.swift in Sources */ = {isa = PBXBuildFile; fileRef = 7B268A492C0D6D79002690BE /* TCA_PlacticeApp.swift */; };
		7B268A4C2C0D6D79002690BE /* ContentView.swift in Sources */ = {isa = PBXBuildFile; fileRef = 7B268A4B2C0D6D79002690BE /* ContentView.swift */; };
		7B268A4E2C0D6D7B002690BE /* Assets.xcassets in Resources */ = {isa = PBXBuildFile; fileRef = 7B268A4D2C0D6D7B002690BE /* Assets.xcassets */; };
		7B268A512C0D6D7B002690BE /* Preview Assets.xcassets in Resources */ = {isa = PBXBuildFile; fileRef = 7B268A502C0D6D7B002690BE /* Preview Assets.xcassets */; };
		7B268A5B2C0D6EA0002690BE /* ComposableArchitecture in Frameworks */ = {isa = PBXBuildFile; productRef = 7B268A5A2C0D6EA0002690BE /* ComposableArchitecture */; };
		7B268A5D2C0D7022002690BE /* CounterFeature.swift in Sources */ = {isa = PBXBuildFile; fileRef = 7B268A5C2C0D7022002690BE /* CounterFeature.swift */; };
		7B592E172C0D784E00E47797 /* CounterView.swift in Sources */ = {isa = PBXBuildFile; fileRef = 7B592E162C0D784E00E47797 /* CounterView.swift */; };
		7B592E4A2C0DB97B00E47797 /* TEST.swift in Sources */ = {isa = PBXBuildFile; fileRef = 7B592E492C0DB97B00E47797 /* TEST.swift */; };
		7B592E4F2C0DC0DD00E47797 /* AppFeature.swift in Sources */ = {isa = PBXBuildFile; fileRef = 7B592E4E2C0DC0DD00E47797 /* AppFeature.swift */; };
		7B592E592C0DC31100E47797 /* TCA_PlacticeTests.swift in Sources */ = {isa = PBXBuildFile; fileRef = 7B592E582C0DC31100E47797 /* TCA_PlacticeTests.swift */; };
		7B592E5F2C0DC33C00E47797 /* CounterFeatureTests.swift in Sources */ = {isa = PBXBuildFile; fileRef = 7B592E502C0DC2DF00E47797 /* CounterFeatureTests.swift */; };
/* End PBXBuildFile section */

/* Begin PBXContainerItemProxy section */
		7B592E5A2C0DC31100E47797 /* PBXContainerItemProxy */ = {
			isa = PBXContainerItemProxy;
			containerPortal = 7B268A3E2C0D6D79002690BE /* Project object */;
			proxyType = 1;
			remoteGlobalIDString = 7B268A452C0D6D79002690BE;
			remoteInfo = "TCA Plactice";
		};
/* End PBXContainerItemProxy section */

/* Begin PBXFileReference section */
		7B268A462C0D6D79002690BE /* TCA Plactice.app */ = {isa = PBXFileReference; explicitFileType = wrapper.application; includeInIndex = 0; path = "TCA Plactice.app"; sourceTree = BUILT_PRODUCTS_DIR; };
		7B268A492C0D6D79002690BE /* TCA_PlacticeApp.swift */ = {isa = PBXFileReference; lastKnownFileType = sourcecode.swift; path = TCA_PlacticeApp.swift; sourceTree = "<group>"; };
		7B268A4B2C0D6D79002690BE /* ContentView.swift */ = {isa = PBXFileReference; lastKnownFileType = sourcecode.swift; path = ContentView.swift; sourceTree = "<group>"; };
		7B268A4D2C0D6D7B002690BE /* Assets.xcassets */ = {isa = PBXFileReference; lastKnownFileType = folder.assetcatalog; path = Assets.xcassets; sourceTree = "<group>"; };
		7B268A502C0D6D7B002690BE /* Preview Assets.xcassets */ = {isa = PBXFileReference; lastKnownFileType = folder.assetcatalog; path = "Preview Assets.xcassets"; sourceTree = "<group>"; };
		7B268A5C2C0D7022002690BE /* CounterFeature.swift */ = {isa = PBXFileReference; lastKnownFileType = sourcecode.swift; path = CounterFeature.swift; sourceTree = "<group>"; };
		7B592E162C0D784E00E47797 /* CounterView.swift */ = {isa = PBXFileReference; lastKnownFileType = sourcecode.swift; path = CounterView.swift; sourceTree = "<group>"; };
		7B592E182C0D83CA00E47797 /* TCA-Plactice-Info.plist */ = {isa = PBXFileReference; lastKnownFileType = text.plist; path = "TCA-Plactice-Info.plist"; sourceTree = SOURCE_ROOT; };
		7B592E492C0DB97B00E47797 /* TEST.swift */ = {isa = PBXFileReference; lastKnownFileType = sourcecode.swift; path = TEST.swift; sourceTree = "<group>"; };
		7B592E4E2C0DC0DD00E47797 /* AppFeature.swift */ = {isa = PBXFileReference; lastKnownFileType = sourcecode.swift; path = AppFeature.swift; sourceTree = "<group>"; };
		7B592E502C0DC2DF00E47797 /* CounterFeatureTests.swift */ = {isa = PBXFileReference; lastKnownFileType = sourcecode.swift; path = CounterFeatureTests.swift; sourceTree = "<group>"; };
		7B592E562C0DC31100E47797 /* TCA PlacticeTests.xctest */ = {isa = PBXFileReference; explicitFileType = wrapper.cfbundle; includeInIndex = 0; path = "TCA PlacticeTests.xctest"; sourceTree = BUILT_PRODUCTS_DIR; };
		7B592E582C0DC31100E47797 /* TCA_PlacticeTests.swift */ = {isa = PBXFileReference; lastKnownFileType = sourcecode.swift; path = TCA_PlacticeTests.swift; sourceTree = "<group>"; };
/* End PBXFileReference section */

/* Begin PBXFrameworksBuildPhase section */
		7B268A432C0D6D79002690BE /* Frameworks */ = {
			isa = PBXFrameworksBuildPhase;
			buildActionMask = 2147483647;
			files = (
				7B268A5B2C0D6EA0002690BE /* ComposableArchitecture in Frameworks */,
			);
			runOnlyForDeploymentPostprocessing = 0;
		};
		7B592E532C0DC31100E47797 /* Frameworks */ = {
			isa = PBXFrameworksBuildPhase;
			buildActionMask = 2147483647;
			files = (
			);
			runOnlyForDeploymentPostprocessing = 0;
		};
/* End PBXFrameworksBuildPhase section */

/* Begin PBXGroup section */
		7B268A3D2C0D6D79002690BE = {
			isa = PBXGroup;
			children = (
				7B268A482C0D6D79002690BE /* TCA Plactice */,
				7B592E572C0DC31100E47797 /* TCA PlacticeTests */,
				7B268A472C0D6D79002690BE /* Products */,
			);
			sourceTree = "<group>";
		};
		7B268A472C0D6D79002690BE /* Products */ = {
			isa = PBXGroup;
			children = (
				7B268A462C0D6D79002690BE /* TCA Plactice.app */,
				7B592E562C0DC31100E47797 /* TCA PlacticeTests.xctest */,
			);
			name = Products;
			sourceTree = "<group>";
		};
		7B268A482C0D6D79002690BE /* TCA Plactice */ = {
			isa = PBXGroup;
			children = (
				7B592E182C0D83CA00E47797 /* TCA-Plactice-Info.plist */,
				7B268A5C2C0D7022002690BE /* CounterFeature.swift */,
				7B592E162C0D784E00E47797 /* CounterView.swift */,
				7B268A492C0D6D79002690BE /* TCA_PlacticeApp.swift */,
				7B268A4B2C0D6D79002690BE /* ContentView.swift */,
				7B268A4D2C0D6D7B002690BE /* Assets.xcassets */,
				7B268A4F2C0D6D7B002690BE /* Preview Content */,
				7B592E492C0DB97B00E47797 /* TEST.swift */,
				7B592E4E2C0DC0DD00E47797 /* AppFeature.swift */,
			);
			path = "TCA Plactice";
			sourceTree = "<group>";
		};
		7B268A4F2C0D6D7B002690BE /* Preview Content */ = {
			isa = PBXGroup;
			children = (
				7B268A502C0D6D7B002690BE /* Preview Assets.xcassets */,
			);
			path = "Preview Content";
			sourceTree = "<group>";
		};
		7B592E572C0DC31100E47797 /* TCA PlacticeTests */ = {
			isa = PBXGroup;
			children = (
				7B592E502C0DC2DF00E47797 /* CounterFeatureTests.swift */,
				7B592E582C0DC31100E47797 /* TCA_PlacticeTests.swift */,
			);
			path = "TCA PlacticeTests";
			sourceTree = "<group>";
		};
/* End PBXGroup section */

/* Begin PBXNativeTarget section */
		7B268A452C0D6D79002690BE /* TCA Plactice */ = {
			isa = PBXNativeTarget;
			buildConfigurationList = 7B268A542C0D6D7B002690BE /* Build configuration list for PBXNativeTarget "TCA Plactice" */;
			buildPhases = (
				7B268A422C0D6D79002690BE /* Sources */,
				7B268A432C0D6D79002690BE /* Frameworks */,
				7B268A442C0D6D79002690BE /* Resources */,
			);
			buildRules = (
			);
			dependencies = (
			);
			name = "TCA Plactice";
			packageProductDependencies = (
				7B268A5A2C0D6EA0002690BE /* ComposableArchitecture */,
			);
			productName = "TCA Plactice";
			productReference = 7B268A462C0D6D79002690BE /* TCA Plactice.app */;
			productType = "com.apple.product-type.application";
		};
		7B592E552C0DC31100E47797 /* TCA PlacticeTests */ = {
			isa = PBXNativeTarget;
			buildConfigurationList = 7B592E5C2C0DC31100E47797 /* Build configuration list for PBXNativeTarget "TCA PlacticeTests" */;
			buildPhases = (
				7B592E522C0DC31100E47797 /* Sources */,
				7B592E532C0DC31100E47797 /* Frameworks */,
				7B592E542C0DC31100E47797 /* Resources */,
			);
			buildRules = (
			);
			dependencies = (
				7B592E5B2C0DC31100E47797 /* PBXTargetDependency */,
			);
			name = "TCA PlacticeTests";
			productName = "TCA PlacticeTests";
			productReference = 7B592E562C0DC31100E47797 /* TCA PlacticeTests.xctest */;
			productType = "com.apple.product-type.bundle.unit-test";
		};
/* End PBXNativeTarget section */

/* Begin PBXProject section */
		7B268A3E2C0D6D79002690BE /* Project object */ = {
			isa = PBXProject;
			attributes = {
				BuildIndependentTargetsInParallel = 1;
				LastSwiftUpdateCheck = 1530;
				LastUpgradeCheck = 1530;
				TargetAttributes = {
					7B268A452C0D6D79002690BE = {
						CreatedOnToolsVersion = 15.3;
					};
					7B592E552C0DC31100E47797 = {
						CreatedOnToolsVersion = 15.3;
						TestTargetID = 7B268A452C0D6D79002690BE;
					};
				};
			};
			buildConfigurationList = 7B268A412C0D6D79002690BE /* Build configuration list for PBXProject "TCA Plactice" */;
			compatibilityVersion = "Xcode 14.0";
			developmentRegion = en;
			hasScannedForEncodings = 0;
			knownRegions = (
				en,
				Base,
			);
			mainGroup = 7B268A3D2C0D6D79002690BE;
			packageReferences = (
				7B268A592C0D6EA0002690BE /* XCRemoteSwiftPackageReference "swift-composable-architecture" */,
			);
			productRefGroup = 7B268A472C0D6D79002690BE /* Products */;
			projectDirPath = "";
			projectRoot = "";
			targets = (
				7B268A452C0D6D79002690BE /* TCA Plactice */,
				7B592E552C0DC31100E47797 /* TCA PlacticeTests */,
			);
		};
/* End PBXProject section */

/* Begin PBXResourcesBuildPhase section */
		7B268A442C0D6D79002690BE /* Resources */ = {
			isa = PBXResourcesBuildPhase;
			buildActionMask = 2147483647;
			files = (
				7B268A512C0D6D7B002690BE /* Preview Assets.xcassets in Resources */,
				7B268A4E2C0D6D7B002690BE /* Assets.xcassets in Resources */,
			);
			runOnlyForDeploymentPostprocessing = 0;
		};
		7B592E542C0DC31100E47797 /* Resources */ = {
			isa = PBXResourcesBuildPhase;
			buildActionMask = 2147483647;
			files = (
			);
			runOnlyForDeploymentPostprocessing = 0;
		};
/* End PBXResourcesBuildPhase section */

/* Begin PBXSourcesBuildPhase section */
		7B268A422C0D6D79002690BE /* Sources */ = {
			isa = PBXSourcesBuildPhase;
			buildActionMask = 2147483647;
			files = (
				7B592E4F2C0DC0DD00E47797 /* AppFeature.swift in Sources */,
				7B268A5D2C0D7022002690BE /* CounterFeature.swift in Sources */,
				7B268A4C2C0D6D79002690BE /* ContentView.swift in Sources */,
				7B592E4A2C0DB97B00E47797 /* TEST.swift in Sources */,
				7B268A4A2C0D6D79002690BE /* TCA_PlacticeApp.swift in Sources */,
				7B592E172C0D784E00E47797 /* CounterView.swift in Sources */,
			);
			runOnlyForDeploymentPostprocessing = 0;
		};
		7B592E522C0DC31100E47797 /* Sources */ = {
			isa = PBXSourcesBuildPhase;
			buildActionMask = 2147483647;
			files = (
				7B592E592C0DC31100E47797 /* TCA_PlacticeTests.swift in Sources */,
				7B592E5F2C0DC33C00E47797 /* CounterFeatureTests.swift in Sources */,
			);
			runOnlyForDeploymentPostprocessing = 0;
		};
/* End PBXSourcesBuildPhase section */

/* Begin PBXTargetDependency section */
		7B592E5B2C0DC31100E47797 /* PBXTargetDependency */ = {
			isa = PBXTargetDependency;
			target = 7B268A452C0D6D79002690BE /* TCA Plactice */;
			targetProxy = 7B592E5A2C0DC31100E47797 /* PBXContainerItemProxy */;
		};
/* End PBXTargetDependency section */

/* Begin XCBuildConfiguration section */
		7B268A522C0D6D7B002690BE /* Debug */ = {
			isa = XCBuildConfiguration;
			buildSettings = {
				ALWAYS_SEARCH_USER_PATHS = NO;
				ASSETCATALOG_COMPILER_GENERATE_SWIFT_ASSET_SYMBOL_EXTENSIONS = YES;
				CLANG_ANALYZER_NONNULL = YES;
				CLANG_ANALYZER_NUMBER_OBJECT_CONVERSION = YES_AGGRESSIVE;
				CLANG_CXX_LANGUAGE_STANDARD = "gnu++20";
				CLANG_ENABLE_MODULES = YES;
				CLANG_ENABLE_OBJC_ARC = YES;
				CLANG_ENABLE_OBJC_WEAK = YES;
				CLANG_WARN_BLOCK_CAPTURE_AUTORELEASING = YES;
				CLANG_WARN_BOOL_CONVERSION = YES;
				CLANG_WARN_COMMA = YES;
				CLANG_WARN_CONSTANT_CONVERSION = YES;
				CLANG_WARN_DEPRECATED_OBJC_IMPLEMENTATIONS = YES;
				CLANG_WARN_DIRECT_OBJC_ISA_USAGE = YES_ERROR;
				CLANG_WARN_DOCUMENTATION_COMMENTS = YES;
				CLANG_WARN_EMPTY_BODY = YES;
				CLANG_WARN_ENUM_CONVERSION = YES;
				CLANG_WARN_INFINITE_RECURSION = YES;
				CLANG_WARN_INT_CONVERSION = YES;
				CLANG_WARN_NON_LITERAL_NULL_CONVERSION = YES;
				CLANG_WARN_OBJC_IMPLICIT_RETAIN_SELF = YES;
				CLANG_WARN_OBJC_LITERAL_CONVERSION = YES;
				CLANG_WARN_OBJC_ROOT_CLASS = YES_ERROR;
				CLANG_WARN_QUOTED_INCLUDE_IN_FRAMEWORK_HEADER = YES;
				CLANG_WARN_RANGE_LOOP_ANALYSIS = YES;
				CLANG_WARN_STRICT_PROTOTYPES = YES;
				CLANG_WARN_SUSPICIOUS_MOVE = YES;
				CLANG_WARN_UNGUARDED_AVAILABILITY = YES_AGGRESSIVE;
				CLANG_WARN_UNREACHABLE_CODE = YES;
				CLANG_WARN__DUPLICATE_METHOD_MATCH = YES;
				COPY_PHASE_STRIP = NO;
				DEBUG_INFORMATION_FORMAT = dwarf;
				ENABLE_STRICT_OBJC_MSGSEND = YES;
				ENABLE_TESTABILITY = YES;
				ENABLE_USER_SCRIPT_SANDBOXING = YES;
				GCC_C_LANGUAGE_STANDARD = gnu17;
				GCC_DYNAMIC_NO_PIC = NO;
				GCC_NO_COMMON_BLOCKS = YES;
				GCC_OPTIMIZATION_LEVEL = 0;
				GCC_PREPROCESSOR_DEFINITIONS = (
					"DEBUG=1",
					"$(inherited)",
				);
				GCC_WARN_64_TO_32_BIT_CONVERSION = YES;
				GCC_WARN_ABOUT_RETURN_TYPE = YES_ERROR;
				GCC_WARN_UNDECLARED_SELECTOR = YES;
				GCC_WARN_UNINITIALIZED_AUTOS = YES_AGGRESSIVE;
				GCC_WARN_UNUSED_FUNCTION = YES;
				GCC_WARN_UNUSED_VARIABLE = YES;
				IPHONEOS_DEPLOYMENT_TARGET = 17.4;
				LOCALIZATION_PREFERS_STRING_CATALOGS = YES;
				MTL_ENABLE_DEBUG_INFO = INCLUDE_SOURCE;
				MTL_FAST_MATH = YES;
				ONLY_ACTIVE_ARCH = YES;
				SDKROOT = iphoneos;
				SWIFT_ACTIVE_COMPILATION_CONDITIONS = "DEBUG $(inherited)";
				SWIFT_OPTIMIZATION_LEVEL = "-Onone";
			};
			name = Debug;
		};
		7B268A532C0D6D7B002690BE /* Release */ = {
			isa = XCBuildConfiguration;
			buildSettings = {
				ALWAYS_SEARCH_USER_PATHS = NO;
				ASSETCATALOG_COMPILER_GENERATE_SWIFT_ASSET_SYMBOL_EXTENSIONS = YES;
				CLANG_ANALYZER_NONNULL = YES;
				CLANG_ANALYZER_NUMBER_OBJECT_CONVERSION = YES_AGGRESSIVE;
				CLANG_CXX_LANGUAGE_STANDARD = "gnu++20";
				CLANG_ENABLE_MODULES = YES;
				CLANG_ENABLE_OBJC_ARC = YES;
				CLANG_ENABLE_OBJC_WEAK = YES;
				CLANG_WARN_BLOCK_CAPTURE_AUTORELEASING = YES;
				CLANG_WARN_BOOL_CONVERSION = YES;
				CLANG_WARN_COMMA = YES;
				CLANG_WARN_CONSTANT_CONVERSION = YES;
				CLANG_WARN_DEPRECATED_OBJC_IMPLEMENTATIONS = YES;
				CLANG_WARN_DIRECT_OBJC_ISA_USAGE = YES_ERROR;
				CLANG_WARN_DOCUMENTATION_COMMENTS = YES;
				CLANG_WARN_EMPTY_BODY = YES;
				CLANG_WARN_ENUM_CONVERSION = YES;
				CLANG_WARN_INFINITE_RECURSION = YES;
				CLANG_WARN_INT_CONVERSION = YES;
				CLANG_WARN_NON_LITERAL_NULL_CONVERSION = YES;
				CLANG_WARN_OBJC_IMPLICIT_RETAIN_SELF = YES;
				CLANG_WARN_OBJC_LITERAL_CONVERSION = YES;
				CLANG_WARN_OBJC_ROOT_CLASS = YES_ERROR;
				CLANG_WARN_QUOTED_INCLUDE_IN_FRAMEWORK_HEADER = YES;
				CLANG_WARN_RANGE_LOOP_ANALYSIS = YES;
				CLANG_WARN_STRICT_PROTOTYPES = YES;
				CLANG_WARN_SUSPICIOUS_MOVE = YES;
				CLANG_WARN_UNGUARDED_AVAILABILITY = YES_AGGRESSIVE;
				CLANG_WARN_UNREACHABLE_CODE = YES;
				CLANG_WARN__DUPLICATE_METHOD_MATCH = YES;
				COPY_PHASE_STRIP = NO;
				DEBUG_INFORMATION_FORMAT = "dwarf-with-dsym";
				ENABLE_NS_ASSERTIONS = NO;
				ENABLE_STRICT_OBJC_MSGSEND = YES;
				ENABLE_USER_SCRIPT_SANDBOXING = YES;
				GCC_C_LANGUAGE_STANDARD = gnu17;
				GCC_NO_COMMON_BLOCKS = YES;
				GCC_WARN_64_TO_32_BIT_CONVERSION = YES;
				GCC_WARN_ABOUT_RETURN_TYPE = YES_ERROR;
				GCC_WARN_UNDECLARED_SELECTOR = YES;
				GCC_WARN_UNINITIALIZED_AUTOS = YES_AGGRESSIVE;
				GCC_WARN_UNUSED_FUNCTION = YES;
				GCC_WARN_UNUSED_VARIABLE = YES;
				IPHONEOS_DEPLOYMENT_TARGET = 17.4;
				LOCALIZATION_PREFERS_STRING_CATALOGS = YES;
				MTL_ENABLE_DEBUG_INFO = NO;
				MTL_FAST_MATH = YES;
				SDKROOT = iphoneos;
				SWIFT_COMPILATION_MODE = wholemodule;
				VALIDATE_PRODUCT = YES;
			};
			name = Release;
		};
		7B268A552C0D6D7B002690BE /* Debug */ = {
			isa = XCBuildConfiguration;
			buildSettings = {
				ASSETCATALOG_COMPILER_APPICON_NAME = AppIcon;
				ASSETCATALOG_COMPILER_GLOBAL_ACCENT_COLOR_NAME = AccentColor;
				CODE_SIGN_STYLE = Automatic;
				CURRENT_PROJECT_VERSION = 1;
				DEVELOPMENT_ASSET_PATHS = "\"TCA Plactice/Preview Content\"";
				DEVELOPMENT_TEAM = H25F4B7J4U;
				ENABLE_PREVIEWS = YES;
				GENERATE_INFOPLIST_FILE = YES;
				INFOPLIST_FILE = "TCA-Plactice-Info.plist";
				INFOPLIST_KEY_UIApplicationSceneManifest_Generation = YES;
				INFOPLIST_KEY_UIApplicationSupportsIndirectInputEvents = YES;
				INFOPLIST_KEY_UILaunchScreen_Generation = YES;
				INFOPLIST_KEY_UISupportedInterfaceOrientations_iPad = "UIInterfaceOrientationPortrait UIInterfaceOrientationPortraitUpsideDown UIInterfaceOrientationLandscapeLeft UIInterfaceOrientationLandscapeRight";
				INFOPLIST_KEY_UISupportedInterfaceOrientations_iPhone = "UIInterfaceOrientationPortrait UIInterfaceOrientationLandscapeLeft UIInterfaceOrientationLandscapeRight";
				IPHONEOS_DEPLOYMENT_TARGET = 16.0;
				LD_RUNPATH_SEARCH_PATHS = (
					"$(inherited)",
					"@executable_path/Frameworks",
				);
				MARKETING_VERSION = 1.0;
				PRODUCT_BUNDLE_IDENTIFIER = "LittleTail.TCA-Plactice";
				PRODUCT_NAME = "$(TARGET_NAME)";
				SUPPORTED_PLATFORMS = "iphoneos iphonesimulator";
				SUPPORTS_MACCATALYST = NO;
				SUPPORTS_MAC_DESIGNED_FOR_IPHONE_IPAD = NO;
				SUPPORTS_XR_DESIGNED_FOR_IPHONE_IPAD = NO;
				SWIFT_EMIT_LOC_STRINGS = YES;
				SWIFT_VERSION = 5.0;
				TARGETED_DEVICE_FAMILY = 1;
			};
			name = Debug;
		};
		7B268A562C0D6D7B002690BE /* Release */ = {
			isa = XCBuildConfiguration;
			buildSettings = {
				ASSETCATALOG_COMPILER_APPICON_NAME = AppIcon;
				ASSETCATALOG_COMPILER_GLOBAL_ACCENT_COLOR_NAME = AccentColor;
				CODE_SIGN_STYLE = Automatic;
				CURRENT_PROJECT_VERSION = 1;
				DEVELOPMENT_ASSET_PATHS = "\"TCA Plactice/Preview Content\"";
				DEVELOPMENT_TEAM = H25F4B7J4U;
				ENABLE_PREVIEWS = YES;
				GENERATE_INFOPLIST_FILE = YES;
				INFOPLIST_FILE = "TCA-Plactice-Info.plist";
				INFOPLIST_KEY_UIApplicationSceneManifest_Generation = YES;
				INFOPLIST_KEY_UIApplicationSupportsIndirectInputEvents = YES;
				INFOPLIST_KEY_UILaunchScreen_Generation = YES;
				INFOPLIST_KEY_UISupportedInterfaceOrientations_iPad = "UIInterfaceOrientationPortrait UIInterfaceOrientationPortraitUpsideDown UIInterfaceOrientationLandscapeLeft UIInterfaceOrientationLandscapeRight";
				INFOPLIST_KEY_UISupportedInterfaceOrientations_iPhone = "UIInterfaceOrientationPortrait UIInterfaceOrientationLandscapeLeft UIInterfaceOrientationLandscapeRight";
				IPHONEOS_DEPLOYMENT_TARGET = 16.0;
				LD_RUNPATH_SEARCH_PATHS = (
					"$(inherited)",
					"@executable_path/Frameworks",
				);
				MARKETING_VERSION = 1.0;
				PRODUCT_BUNDLE_IDENTIFIER = "LittleTail.TCA-Plactice";
				PRODUCT_NAME = "$(TARGET_NAME)";
				SUPPORTED_PLATFORMS = "iphoneos iphonesimulator";
				SUPPORTS_MACCATALYST = NO;
				SUPPORTS_MAC_DESIGNED_FOR_IPHONE_IPAD = NO;
				SUPPORTS_XR_DESIGNED_FOR_IPHONE_IPAD = NO;
				SWIFT_EMIT_LOC_STRINGS = YES;
				SWIFT_VERSION = 5.0;
				TARGETED_DEVICE_FAMILY = 1;
			};
			name = Release;
		};
		7B592E5D2C0DC31100E47797 /* Debug */ = {
			isa = XCBuildConfiguration;
			buildSettings = {
				BUNDLE_LOADER = "$(TEST_HOST)";
				CODE_SIGN_STYLE = Automatic;
				CURRENT_PROJECT_VERSION = 1;
				DEVELOPMENT_TEAM = H25F4B7J4U;
				GENERATE_INFOPLIST_FILE = YES;
				MARKETING_VERSION = 1.0;
				PRODUCT_BUNDLE_IDENTIFIER = "LittleTail.TCA-PlacticeTests";
				PRODUCT_NAME = "$(TARGET_NAME)";
				SUPPORTED_PLATFORMS = "iphoneos iphonesimulator";
				SUPPORTS_MACCATALYST = NO;
				SUPPORTS_MAC_DESIGNED_FOR_IPHONE_IPAD = NO;
				SUPPORTS_XR_DESIGNED_FOR_IPHONE_IPAD = NO;
				SWIFT_EMIT_LOC_STRINGS = NO;
				SWIFT_VERSION = 5.0;
				TARGETED_DEVICE_FAMILY = 1;
				TEST_HOST = "$(BUILT_PRODUCTS_DIR)/TCA Plactice.app/$(BUNDLE_EXECUTABLE_FOLDER_PATH)/TCA Plactice";
			};
			name = Debug;
		};
		7B592E5E2C0DC31100E47797 /* Release */ = {
			isa = XCBuildConfiguration;
			buildSettings = {
				BUNDLE_LOADER = "$(TEST_HOST)";
				CODE_SIGN_STYLE = Automatic;
				CURRENT_PROJECT_VERSION = 1;
				DEVELOPMENT_TEAM = H25F4B7J4U;
				GENERATE_INFOPLIST_FILE = YES;
				MARKETING_VERSION = 1.0;
				PRODUCT_BUNDLE_IDENTIFIER = "LittleTail.TCA-PlacticeTests";
				PRODUCT_NAME = "$(TARGET_NAME)";
				SUPPORTED_PLATFORMS = "iphoneos iphonesimulator";
				SUPPORTS_MACCATALYST = NO;
				SUPPORTS_MAC_DESIGNED_FOR_IPHONE_IPAD = NO;
				SUPPORTS_XR_DESIGNED_FOR_IPHONE_IPAD = NO;
				SWIFT_EMIT_LOC_STRINGS = NO;
				SWIFT_VERSION = 5.0;
				TARGETED_DEVICE_FAMILY = 1;
				TEST_HOST = "$(BUILT_PRODUCTS_DIR)/TCA Plactice.app/$(BUNDLE_EXECUTABLE_FOLDER_PATH)/TCA Plactice";
			};
			name = Release;
		};
/* End XCBuildConfiguration section */

/* Begin XCConfigurationList section */
		7B268A412C0D6D79002690BE /* Build configuration list for PBXProject "TCA Plactice" */ = {
			isa = XCConfigurationList;
			buildConfigurations = (
				7B268A522C0D6D7B002690BE /* Debug */,
				7B268A532C0D6D7B002690BE /* Release */,
			);
			defaultConfigurationIsVisible = 0;
			defaultConfigurationName = Release;
		};
		7B268A542C0D6D7B002690BE /* Build configuration list for PBXNativeTarget "TCA Plactice" */ = {
			isa = XCConfigurationList;
			buildConfigurations = (
				7B268A552C0D6D7B002690BE /* Debug */,
				7B268A562C0D6D7B002690BE /* Release */,
			);
			defaultConfigurationIsVisible = 0;
			defaultConfigurationName = Release;
		};
		7B592E5C2C0DC31100E47797 /* Build configuration list for PBXNativeTarget "TCA PlacticeTests" */ = {
			isa = XCConfigurationList;
			buildConfigurations = (
				7B592E5D2C0DC31100E47797 /* Debug */,
				7B592E5E2C0DC31100E47797 /* Release */,
			);
			defaultConfigurationIsVisible = 0;
			defaultConfigurationName = Release;
		};
/* End XCConfigurationList section */

/* Begin XCRemoteSwiftPackageReference section */
		7B268A592C0D6EA0002690BE /* XCRemoteSwiftPackageReference "swift-composable-architecture" */ = {
			isa = XCRemoteSwiftPackageReference;
			repositoryURL = "https://github.com/pointfreeco/swift-composable-architecture.git";
			requirement = {
				kind = upToNextMajorVersion;
				minimumVersion = 1.10.4;
			};
		};
/* End XCRemoteSwiftPackageReference section */

/* Begin XCSwiftPackageProductDependency section */
		7B268A5A2C0D6EA0002690BE /* ComposableArchitecture */ = {
			isa = XCSwiftPackageProductDependency;
			package = 7B268A592C0D6EA0002690BE /* XCRemoteSwiftPackageReference "swift-composable-architecture" */;
			productName = ComposableArchitecture;
		};
/* End XCSwiftPackageProductDependency section */
	};
	rootObject = 7B268A3E2C0D6D79002690BE /* Project object */;
}
